
Microsoft Visual Studio Solution File, Format Version 12.00
# Visual Studio 14
VisualStudioVersion = 14.0.25420.1
MinimumVisualStudioVersion = 10.0.40219.1
Project("{888888A0-9F3D-457C-B088-3A5042F75D52}") = "CityIotDevices", "CityIotDevices\CityIotDevices.pyproj", "{65DAE519-3326-484B-8839-B3D7ACBAD40F}"
EndProject
Project("{888888A0-9F3D-457C-B088-3A5042F75D52}") = "CityWatchdog", "CityWatchdog\CityWatchdog.pyproj", "{23F5DE40-BABB-4A3F-B258-1D2AC7ABCD83}"
EndProject
Project("{888888A0-9F3D-457C-B088-3A5042F75D52}") = "Gui", "Gui\Gui.pyproj", "{7B4C7916-D7C6-429F-AD88-062EC16AAE92}"
EndProject
Project("{888888A0-9F3D-457C-B088-3A5042F75D52}") = "Common", "Common\Common.pyproj", "{422CA6C3-268D-43BC-B5E0-2CEA4733F371}"
EndProject
Global
	GlobalSection(SolutionConfigurationPlatforms) = preSolution
		Debug|Any CPU = Debug|Any CPU
		Debug|x64 = Debug|x64
		Debug|x86 = Debug|x86
		Release|Any CPU = Release|Any CPU
		Release|x64 = Release|x64
		Release|x86 = Release|x86
	EndGlobalSection
	GlobalSection(ProjectConfigurationPlatforms) = postSolution
		{65DAE519-3326-484B-8839-B3D7ACBAD40F}.Debug|Any CPU.ActiveCfg = Debug|Any CPU
		{65DAE519-3326-484B-8839-B3D7ACBAD40F}.Debug|x64.ActiveCfg = Debug|Any CPU
		{65DAE519-3326-484B-8839-B3D7ACBAD40F}.Debug|x86.ActiveCfg = Debug|Any CPU
		{65DAE519-3326-484B-8839-B3D7ACBAD40F}.Release|Any CPU.ActiveCfg = Release|Any CPU
		{65DAE519-3326-484B-8839-B3D7ACBAD40F}.Release|x64.ActiveCfg = Release|Any CPU
		{65DAE519-3326-484B-8839-B3D7ACBAD40F}.Release|x86.ActiveCfg = Release|Any CPU
		{23F5DE40-BABB-4A3F-B258-1D2AC7ABCD83}.Debug|Any CPU.ActiveCfg = Debug|Any CPU
		{23F5DE40-BABB-4A3F-B258-1D2AC7ABCD83}.Debug|x64.ActiveCfg = Debug|Any CPU
		{23F5DE40-BABB-4A3F-B258-1D2AC7ABCD83}.Debug|x86.ActiveCfg = Debug|Any CPU
		{23F5DE40-BABB-4A3F-B258-1D2AC7ABCD83}.Release|Any CPU.ActiveCfg = Release|Any CPU
		{23F5DE40-BABB-4A3F-B258-1D2AC7ABCD83}.Release|x64.ActiveCfg = Release|Any CPU
		{23F5DE40-BABB-4A3F-B258-1D2AC7ABCD83}.Release|x86.ActiveCfg = Release|Any CPU
		{7B4C7916-D7C6-429F-AD88-062EC16AAE92}.Debug|Any CPU.ActiveCfg = Debug|Any CPU
		{7B4C7916-D7C6-429F-AD88-062EC16AAE92}.Debug|x64.ActiveCfg = Debug|Any CPU
		{7B4C7916-D7C6-429F-AD88-062EC16AAE92}.Debug|x86.ActiveCfg = Debug|Any CPU
		{7B4C7916-D7C6-429F-AD88-062EC16AAE92}.Release|Any CPU.ActiveCfg = Release|Any CPU
		{7B4C7916-D7C6-429F-AD88-062EC16AAE92}.Release|x64.ActiveCfg = Release|Any CPU
		{7B4C7916-D7C6-429F-AD88-062EC16AAE92}.Release|x86.ActiveCfg = Release|Any CPU
		{422CA6C3-268D-43BC-B5E0-2CEA4733F371}.Debug|Any CPU.ActiveCfg = Debug|Any CPU
		{422CA6C3-268D-43BC-B5E0-2CEA4733F371}.Debug|x64.ActiveCfg = Debug|Any CPU
		{422CA6C3-268D-43BC-B5E0-2CEA4733F371}.Debug|x86.ActiveCfg = Debug|Any CPU
		{422CA6C3-268D-43BC-B5E0-2CEA4733F371}.Release|Any CPU.ActiveCfg = Release|Any CPU
		{422CA6C3-268D-43BC-B5E0-2CEA4733F371}.Release|x64.ActiveCfg = Release|Any CPU
		{422CA6C3-268D-43BC-B5E0-2CEA4733F371}.Release|x86.ActiveCfg = Release|Any CPU
	EndGlobalSection
	GlobalSection(SolutionProperties) = preSolution
		HideSolutionNode = FALSE
	EndGlobalSection
EndGlobal
